
Microsoft Visual Studio Solution File, Format Version 12.00
# Visual Studio Version 17
VisualStudioVersion = 17.13.35913.81
MinimumVisualStudioVersion = 10.0.40219.1
Project("{2150E333-8FDC-42A3-9474-1A3956D46DE8}") = "src", "src", "{02EA681E-C7D8-13C7-8484-4AC65E1B71E8}"
EndProject
Project("{2150E333-8FDC-42A3-9474-1A3956D46DE8}") = "Common", "Common", "{A368B539-C86E-469B-AE59-C3B303E64348}"
EndProject
Project("{2150E333-8FDC-42A3-9474-1A3956D46DE8}") = "Core", "Core", "{48D48CD0-8695-42CF-8E1A-D6169C450CD0}"
EndProject
Project("{FAE04EC0-301F-11D3-BF4B-00C04F79EFBC}") = "EventPlanner.Domain", "EventPlanner.Domain\EventPlanner.Domain.csproj", "{E31AB7C8-56DD-4C56-9FA5-1BE27B00C921}"
EndProject
Project("{FAE04EC0-301F-11D3-BF4B-00C04F79EFBC}") = "EventPlanner.Application", "EventPlanner.Application\EventPlanner.Application.csproj", "{BA2732AD-8FF7-459A-8BB7-EA0D1F736062}"
EndProject
Project("{FAE04EC0-301F-11D3-BF4B-00C04F79EFBC}") = "EventPlanner.Common", "EventPlanner.Common\EventPlanner.Common.csproj", "{F5D96156-C1B9-404F-8BAE-F898D9108CF3}"
EndProject
Project("{2150E333-8FDC-42A3-9474-1A3956D46DE8}") = "Infrastructure", "Infrastructure", "{322AD31D-E60F-4D69-B295-E6F8F0F4CB7E}"
EndProject
Project("{FAE04EC0-301F-11D3-BF4B-00C04F79EFBC}") = "EventPlanner.Persistence", "EventPlanner.Persistence\EventPlanner.Persistence.csproj", "{4D99BF8E-9FC4-4CC0-A74A-95056F88FD6C}"
EndProject
Project("{2150E333-8FDC-42A3-9474-1A3956D46DE8}") = "Presentation", "Presentation", "{59FA12FD-12EE-43FA-886E-5025A5A59F81}"
EndProject
Project("{FAE04EC0-301F-11D3-BF4B-00C04F79EFBC}") = "EventPlanner.WebAPI", "EventPlanner.WebAPI\EventPlanner.WebAPI.csproj", "{A9195F5E-E0EE-481C-B84D-B4BBAC5FF134}"
EndProject
Project("{2150E333-8FDC-42A3-9474-1A3956D46DE8}") = "Test", "Test", "{80B8F237-2744-4867-8B23-E67BBF4F3C79}"
EndProject
Project("{FAE04EC0-301F-11D3-BF4B-00C04F79EFBC}") = "EventPlanner.Test", "EventPlanner.Test\EventPlanner.Test.csproj", "{C25F15C5-1311-42FF-AF5A-2190EDE6FC74}"
EndProject
Global
	GlobalSection(SolutionConfigurationPlatforms) = preSolution
		Debug|Any CPU = Debug|Any CPU
		Release|Any CPU = Release|Any CPU
	EndGlobalSection
	GlobalSection(ProjectConfigurationPlatforms) = postSolution
		{E31AB7C8-56DD-4C56-9FA5-1BE27B00C921}.Debug|Any CPU.ActiveCfg = Debug|Any CPU
		{E31AB7C8-56DD-4C56-9FA5-1BE27B00C921}.Debug|Any CPU.Build.0 = Debug|Any CPU
		{E31AB7C8-56DD-4C56-9FA5-1BE27B00C921}.Release|Any CPU.ActiveCfg = Release|Any CPU
		{E31AB7C8-56DD-4C56-9FA5-1BE27B00C921}.Release|Any CPU.Build.0 = Release|Any CPU
		{BA2732AD-8FF7-459A-8BB7-EA0D1F736062}.Debug|Any CPU.ActiveCfg = Debug|Any CPU
		{BA2732AD-8FF7-459A-8BB7-EA0D1F736062}.Debug|Any CPU.Build.0 = Debug|Any CPU
		{BA2732AD-8FF7-459A-8BB7-EA0D1F736062}.Release|Any CPU.ActiveCfg = Release|Any CPU
		{BA2732AD-8FF7-459A-8BB7-EA0D1F736062}.Release|Any CPU.Build.0 = Release|Any CPU
		{F5D96156-C1B9-404F-8BAE-F898D9108CF3}.Debug|Any CPU.ActiveCfg = Debug|Any CPU
		{F5D96156-C1B9-404F-8BAE-F898D9108CF3}.Debug|Any CPU.Build.0 = Debug|Any CPU
		{F5D96156-C1B9-404F-8BAE-F898D9108CF3}.Release|Any CPU.ActiveCfg = Release|Any CPU
		{F5D96156-C1B9-404F-8BAE-F898D9108CF3}.Release|Any CPU.Build.0 = Release|Any CPU
		{4D99BF8E-9FC4-4CC0-A74A-95056F88FD6C}.Debug|Any CPU.ActiveCfg = Debug|Any CPU
		{4D99BF8E-9FC4-4CC0-A74A-95056F88FD6C}.Debug|Any CPU.Build.0 = Debug|Any CPU
		{4D99BF8E-9FC4-4CC0-A74A-95056F88FD6C}.Release|Any CPU.ActiveCfg = Release|Any CPU
		{4D99BF8E-9FC4-4CC0-A74A-95056F88FD6C}.Release|Any CPU.Build.0 = Release|Any CPU
		{A9195F5E-E0EE-481C-B84D-B4BBAC5FF134}.Debug|Any CPU.ActiveCfg = Debug|Any CPU
		{A9195F5E-E0EE-481C-B84D-B4BBAC5FF134}.Debug|Any CPU.Build.0 = Debug|Any CPU
		{A9195F5E-E0EE-481C-B84D-B4BBAC5FF134}.Release|Any CPU.ActiveCfg = Release|Any CPU
		{A9195F5E-E0EE-481C-B84D-B4BBAC5FF134}.Release|Any CPU.Build.0 = Release|Any CPU
		{C25F15C5-1311-42FF-AF5A-2190EDE6FC74}.Debug|Any CPU.ActiveCfg = Debug|Any CPU
		{C25F15C5-1311-42FF-AF5A-2190EDE6FC74}.Debug|Any CPU.Build.0 = Debug|Any CPU
		{C25F15C5-1311-42FF-AF5A-2190EDE6FC74}.Release|Any CPU.ActiveCfg = Release|Any CPU
		{C25F15C5-1311-42FF-AF5A-2190EDE6FC74}.Release|Any CPU.Build.0 = Release|Any CPU
	EndGlobalSection
	GlobalSection(SolutionProperties) = preSolution
		HideSolutionNode = FALSE
	EndGlobalSection
	GlobalSection(NestedProjects) = preSolution
		{A368B539-C86E-469B-AE59-C3B303E64348} = {02EA681E-C7D8-13C7-8484-4AC65E1B71E8}
		{48D48CD0-8695-42CF-8E1A-D6169C450CD0} = {02EA681E-C7D8-13C7-8484-4AC65E1B71E8}
		{E31AB7C8-56DD-4C56-9FA5-1BE27B00C921} = {48D48CD0-8695-42CF-8E1A-D6169C450CD0}
		{BA2732AD-8FF7-459A-8BB7-EA0D1F736062} = {48D48CD0-8695-42CF-8E1A-D6169C450CD0}
		{F5D96156-C1B9-404F-8BAE-F898D9108CF3} = {A368B539-C86E-469B-AE59-C3B303E64348}
		{322AD31D-E60F-4D69-B295-E6F8F0F4CB7E} = {02EA681E-C7D8-13C7-8484-4AC65E1B71E8}
		{4D99BF8E-9FC4-4CC0-A74A-95056F88FD6C} = {322AD31D-E60F-4D69-B295-E6F8F0F4CB7E}
		{59FA12FD-12EE-43FA-886E-5025A5A59F81} = {02EA681E-C7D8-13C7-8484-4AC65E1B71E8}
		{A9195F5E-E0EE-481C-B84D-B4BBAC5FF134} = {59FA12FD-12EE-43FA-886E-5025A5A59F81}
		{80B8F237-2744-4867-8B23-E67BBF4F3C79} = {02EA681E-C7D8-13C7-8484-4AC65E1B71E8}
		{C25F15C5-1311-42FF-AF5A-2190EDE6FC74} = {80B8F237-2744-4867-8B23-E67BBF4F3C79}
	EndGlobalSection
	GlobalSection(ExtensibilityGlobals) = postSolution
		SolutionGuid = {9318D05D-AF17-4F25-BDE1-8AF55262C7AD}
	EndGlobalSection
EndGlobal
